
Microsoft Visual Studio Solution File, Format Version 12.00
# Visual Studio Version 17
VisualStudioVersion = 17.9.34714.143
MinimumVisualStudioVersion = 10.0.40219.1
Project("{9A19103F-16F7-4668-BE54-9A1E7A4F7556}") = "GreeneKingSpeaker", "GreenKingSolution\GreeneKingSpeaker.csproj", "{BE167326-1DB4-4B41-BA89-2FDCC9263183}"
EndProject
Project("{9A19103F-16F7-4668-BE54-9A1E7A4F7556}") = "GreeneKingSpeakerTests", "GreeneKingSpeakerTests\GreeneKingSpeakerTests.csproj", "{3EDED4B5-8DC6-40B6-BDAE-20C36B888826}"
EndProject
Project("{FAE04EC0-301F-11D3-BF4B-00C04F79EFBC}") = "GreeneKingSpeakerWeb", "GreeneKingSpeakerWeb\GreeneKingSpeakerWeb.csproj", "{573B3413-1B08-458F-8BD9-83841AF6105F}"
EndProject
Global
	GlobalSection(SolutionConfigurationPlatforms) = preSolution
		Debug|Any CPU = Debug|Any CPU
		Release|Any CPU = Release|Any CPU
	EndGlobalSection
	GlobalSection(ProjectConfigurationPlatforms) = postSolution
		{BE167326-1DB4-4B41-BA89-2FDCC9263183}.Debug|Any CPU.ActiveCfg = Debug|Any CPU
		{BE167326-1DB4-4B41-BA89-2FDCC9263183}.Debug|Any CPU.Build.0 = Debug|Any CPU
		{BE167326-1DB4-4B41-BA89-2FDCC9263183}.Release|Any CPU.ActiveCfg = Release|Any CPU
		{BE167326-1DB4-4B41-BA89-2FDCC9263183}.Release|Any CPU.Build.0 = Release|Any CPU
		{3EDED4B5-8DC6-40B6-BDAE-20C36B888826}.Debug|Any CPU.ActiveCfg = Debug|Any CPU
		{3EDED4B5-8DC6-40B6-BDAE-20C36B888826}.Debug|Any CPU.Build.0 = Debug|Any CPU
		{3EDED4B5-8DC6-40B6-BDAE-20C36B888826}.Release|Any CPU.ActiveCfg = Release|Any CPU
		{3EDED4B5-8DC6-40B6-BDAE-20C36B888826}.Release|Any CPU.Build.0 = Release|Any CPU
		{573B3413-1B08-458F-8BD9-83841AF6105F}.Debug|Any CPU.ActiveCfg = Debug|Any CPU
		{573B3413-1B08-458F-8BD9-83841AF6105F}.Debug|Any CPU.Build.0 = Debug|Any CPU
		{573B3413-1B08-458F-8BD9-83841AF6105F}.Release|Any CPU.ActiveCfg = Release|Any CPU
		{573B3413-1B08-458F-8BD9-83841AF6105F}.Release|Any CPU.Build.0 = Release|Any CPU
	EndGlobalSection
	GlobalSection(SolutionProperties) = preSolution
		HideSolutionNode = FALSE
	EndGlobalSection
	GlobalSection(ExtensibilityGlobals) = postSolution
		SolutionGuid = {3F377F89-BF3D-4153-9D00-55AAA6BA1B38}
	EndGlobalSection
EndGlobal
